
Microsoft Visual Studio Solution File, Format Version 12.00
# Visual Studio Version 17
VisualStudioVersion = 17.8.34511.84
MinimumVisualStudioVersion = 10.0.40219.1
Project("{9A19103F-16F7-4668-BE54-9A1E7A4F7556}") = "ConsoleMining", "ConsoleMining.csproj", "{25DCC9A2-73A4-485A-A4C0-28A5F1686CC7}"
EndProject
Project("{FAE04EC0-301F-11D3-BF4B-00C04F79EFBC}") = "Lancher", "..\Lancher\Lancher.csproj", "{E8E2932E-38A9-44A7-B596-A169B9C8F581}"
EndProject
Global
	GlobalSection(SolutionConfigurationPlatforms) = preSolution
		Debug|Any CPU = Debug|Any CPU
		Release|Any CPU = Release|Any CPU
	EndGlobalSection
	GlobalSection(ProjectConfigurationPlatforms) = postSolution
		{25DCC9A2-73A4-485A-A4C0-28A5F1686CC7}.Debug|Any CPU.ActiveCfg = Debug|Any CPU
		{25DCC9A2-73A4-485A-A4C0-28A5F1686CC7}.Debug|Any CPU.Build.0 = Debug|Any CPU
		{25DCC9A2-73A4-485A-A4C0-28A5F1686CC7}.Release|Any CPU.ActiveCfg = Release|Any CPU
		{25DCC9A2-73A4-485A-A4C0-28A5F1686CC7}.Release|Any CPU.Build.0 = Release|Any CPU
		{E8E2932E-38A9-44A7-B596-A169B9C8F581}.Debug|Any CPU.ActiveCfg = Debug|Any CPU
		{E8E2932E-38A9-44A7-B596-A169B9C8F581}.Debug|Any CPU.Build.0 = Debug|Any CPU
		{E8E2932E-38A9-44A7-B596-A169B9C8F581}.Release|Any CPU.ActiveCfg = Release|Any CPU
		{E8E2932E-38A9-44A7-B596-A169B9C8F581}.Release|Any CPU.Build.0 = Release|Any CPU
	EndGlobalSection
	GlobalSection(SolutionProperties) = preSolution
		HideSolutionNode = FALSE
	EndGlobalSection
	GlobalSection(ExtensibilityGlobals) = postSolution
		SolutionGuid = {CC7C82FE-B7BB-4358-89FF-06D0477C9851}
	EndGlobalSection
EndGlobal
